// !$*UTF8*$!
{
	archiveVersion = 1;
	classes = {
	};
	objectVersion = 48;
	objects = {

/* Begin PBXBuildFile section */
		540F8DF32079E46600D62238 /* AppDelegate.swift in Sources */ = {isa = PBXBuildFile; fileRef = 540F8DF22079E46600D62238 /* AppDelegate.swift */; };
		540F8DF52079E46600D62238 /* ViewController.swift in Sources */ = {isa = PBXBuildFile; fileRef = 540F8DF42079E46600D62238 /* ViewController.swift */; };
		540F8DF82079E46600D62238 /* Main.storyboard in Resources */ = {isa = PBXBuildFile; fileRef = 540F8DF62079E46600D62238 /* Main.storyboard */; };
		540F8DFA2079E46600D62238 /* Assets.xcassets in Resources */ = {isa = PBXBuildFile; fileRef = 540F8DF92079E46600D62238 /* Assets.xcassets */; };
		540F8DFD2079E46600D62238 /* LaunchScreen.storyboard in Resources */ = {isa = PBXBuildFile; fileRef = 540F8DFB2079E46600D62238 /* LaunchScreen.storyboard */; };
		541AA783208DA36C0001462A /* MealViewController.swift in Sources */ = {isa = PBXBuildFile; fileRef = 541AA782208DA36C0001462A /* MealViewController.swift */; };
		54637306208C3FCE00352BC3 /* MealListViewController.swift in Sources */ = {isa = PBXBuildFile; fileRef = 54637305208C3FCE00352BC3 /* MealListViewController.swift */; };
		54637308208C473900352BC3 /* MealImage.swift in Sources */ = {isa = PBXBuildFile; fileRef = 54637307208C473900352BC3 /* MealImage.swift */; };
		5463730A208C4AB900352BC3 /* MealImageDataSource.swift in Sources */ = {isa = PBXBuildFile; fileRef = 54637309208C4AB900352BC3 /* MealImageDataSource.swift */; };
		54D6B77620841A37007396D9 /* HelpViewController.swift in Sources */ = {isa = PBXBuildFile; fileRef = 54D6B77520841A37007396D9 /* HelpViewController.swift */; };
/* End PBXBuildFile section */

/* Begin PBXFileReference section */
		540F8DEF2079E46600D62238 /* FoodTracker.app */ = {isa = PBXFileReference; explicitFileType = wrapper.application; includeInIndex = 0; path = FoodTracker.app; sourceTree = BUILT_PRODUCTS_DIR; };
		540F8DF22079E46600D62238 /* AppDelegate.swift */ = {isa = PBXFileReference; lastKnownFileType = sourcecode.swift; path = AppDelegate.swift; sourceTree = "<group>"; };
		540F8DF42079E46600D62238 /* ViewController.swift */ = {isa = PBXFileReference; lastKnownFileType = sourcecode.swift; path = ViewController.swift; sourceTree = "<group>"; };
		540F8DF72079E46600D62238 /* Base */ = {isa = PBXFileReference; lastKnownFileType = file.storyboard; name = Base; path = Base.lproj/Main.storyboard; sourceTree = "<group>"; };
		540F8DF92079E46600D62238 /* Assets.xcassets */ = {isa = PBXFileReference; lastKnownFileType = folder.assetcatalog; path = Assets.xcassets; sourceTree = "<group>"; };
		540F8DFC2079E46600D62238 /* Base */ = {isa = PBXFileReference; lastKnownFileType = file.storyboard; name = Base; path = Base.lproj/LaunchScreen.storyboard; sourceTree = "<group>"; };
		540F8DFE2079E46600D62238 /* Info.plist */ = {isa = PBXFileReference; lastKnownFileType = text.plist.xml; path = Info.plist; sourceTree = "<group>"; };
		541AA782208DA36C0001462A /* MealViewController.swift */ = {isa = PBXFileReference; lastKnownFileType = sourcecode.swift; path = MealViewController.swift; sourceTree = "<group>"; };
		54637305208C3FCE00352BC3 /* MealListViewController.swift */ = {isa = PBXFileReference; lastKnownFileType = sourcecode.swift; path = MealListViewController.swift; sourceTree = "<group>"; };
		54637307208C473900352BC3 /* MealImage.swift */ = {isa = PBXFileReference; lastKnownFileType = sourcecode.swift; path = MealImage.swift; sourceTree = "<group>"; };
		54637309208C4AB900352BC3 /* MealImageDataSource.swift */ = {isa = PBXFileReference; lastKnownFileType = sourcecode.swift; path = MealImageDataSource.swift; sourceTree = "<group>"; };
		54D6B77520841A37007396D9 /* HelpViewController.swift */ = {isa = PBXFileReference; lastKnownFileType = sourcecode.swift; path = HelpViewController.swift; sourceTree = "<group>"; };
/* End PBXFileReference section */

/* Begin PBXFrameworksBuildPhase section */
		540F8DEC2079E46600D62238 /* Frameworks */ = {
			isa = PBXFrameworksBuildPhase;
			buildActionMask = 2147483647;
			files = (
			);
			runOnlyForDeploymentPostprocessing = 0;
		};
/* End PBXFrameworksBuildPhase section */

/* Begin PBXGroup section */
		540F8DE62079E46600D62238 = {
			isa = PBXGroup;
			children = (
				540F8DF12079E46600D62238 /* FoodTracker */,
				540F8DF02079E46600D62238 /* Products */,
			);
			sourceTree = "<group>";
		};
		540F8DF02079E46600D62238 /* Products */ = {
			isa = PBXGroup;
			children = (
				540F8DEF2079E46600D62238 /* FoodTracker.app */,
			);
			name = Products;
			sourceTree = "<group>";
		};
		540F8DF12079E46600D62238 /* FoodTracker */ = {
			isa = PBXGroup;
			children = (
				54637305208C3FCE00352BC3 /* MealListViewController.swift */,
				54637309208C4AB900352BC3 /* MealImageDataSource.swift */,
				54637307208C473900352BC3 /* MealImage.swift */,
				540F8DF22079E46600D62238 /* AppDelegate.swift */,
				540F8DF62079E46600D62238 /* Main.storyboard */,
				540F8DF42079E46600D62238 /* ViewController.swift */,
				541AA782208DA36C0001462A /* MealViewController.swift */,
				54D6B77520841A37007396D9 /* HelpViewController.swift */,
				540F8DF92079E46600D62238 /* Assets.xcassets */,
				540F8DFB2079E46600D62238 /* LaunchScreen.storyboard */,
				540F8DFE2079E46600D62238 /* Info.plist */,
			);
			path = FoodTracker;
			sourceTree = "<group>";
		};
/* End PBXGroup section */

/* Begin PBXNativeTarget section */
		540F8DEE2079E46600D62238 /* FoodTracker */ = {
			isa = PBXNativeTarget;
			buildConfigurationList = 540F8E012079E46600D62238 /* Build configuration list for PBXNativeTarget "FoodTracker" */;
			buildPhases = (
				540F8DEB2079E46600D62238 /* Sources */,
				540F8DEC2079E46600D62238 /* Frameworks */,
				540F8DED2079E46600D62238 /* Resources */,
			);
			buildRules = (
			);
			dependencies = (
			);
			name = FoodTracker;
			productName = FoodTracker;
			productReference = 540F8DEF2079E46600D62238 /* FoodTracker.app */;
			productType = "com.apple.product-type.application";
		};
/* End PBXNativeTarget section */

/* Begin PBXProject section */
		540F8DE72079E46600D62238 /* Project object */ = {
			isa = PBXProject;
			attributes = {
				LastSwiftUpdateCheck = 0920;
				LastUpgradeCheck = 0920;
				ORGANIZATIONNAME = "University of Cincinnati";
				TargetAttributes = {
					540F8DEE2079E46600D62238 = {
						CreatedOnToolsVersion = 9.2;
						ProvisioningStyle = Automatic;
					};
				};
			};
			buildConfigurationList = 540F8DEA2079E46600D62238 /* Build configuration list for PBXProject "FoodTracker" */;
			compatibilityVersion = "Xcode 8.0";
			developmentRegion = en;
			hasScannedForEncodings = 0;
			knownRegions = (
				en,
				Base,
			);
			mainGroup = 540F8DE62079E46600D62238;
			productRefGroup = 540F8DF02079E46600D62238 /* Products */;
			projectDirPath = "";
			projectRoot = "";
			targets = (
				540F8DEE2079E46600D62238 /* FoodTracker */,
			);
		};
/* End PBXProject section */

/* Begin PBXResourcesBuildPhase section */
		540F8DED2079E46600D62238 /* Resources */ = {
			isa = PBXResourcesBuildPhase;
			buildActionMask = 2147483647;
			files = (
				540F8DFD2079E46600D62238 /* LaunchScreen.storyboard in Resources */,
				540F8DFA2079E46600D62238 /* Assets.xcassets in Resources */,
				540F8DF82079E46600D62238 /* Main.storyboard in Resources */,
			);
			runOnlyForDeploymentPostprocessing = 0;
		};
/* End PBXResourcesBuildPhase section */

/* Begin PBXSourcesBuildPhase section */
		540F8DEB2079E46600D62238 /* Sources */ = {
			isa = PBXSourcesBuildPhase;
			buildActionMask = 2147483647;
			files = (
				540F8DF52079E46600D62238 /* ViewController.swift in Sources */,
				5463730A208C4AB900352BC3 /* MealImageDataSource.swift in Sources */,
				54637306208C3FCE00352BC3 /* MealListViewController.swift in Sources */,
				541AA783208DA36C0001462A /* MealViewController.swift in Sources */,
				54637308208C473900352BC3 /* MealImage.swift in Sources */,
				54D6B77620841A37007396D9 /* HelpViewController.swift in Sources */,
				540F8DF32079E46600D62238 /* AppDelegate.swift in Sources */,
			);
			runOnlyForDeploymentPostprocessing = 0;
		};
/* End PBXSourcesBuildPhase section */

/* Begin PBXVariantGroup section */
		540F8DF62079E46600D62238 /* Main.storyboard */ = {
			isa = PBXVariantGroup;
			children = (
				540F8DF72079E46600D62238 /* Base */,
			);
			name = Main.storyboard;
			sourceTree = "<group>";
		};
		540F8DFB2079E46600D62238 /* LaunchScreen.storyboard */ = {
			isa = PBXVariantGroup;
			children = (
				540F8DFC2079E46600D62238 /* Base */,
			);
			name = LaunchScreen.storyboard;
			sourceTree = "<group>";
		};
/* End PBXVariantGroup section */

/* Begin XCBuildConfiguration section */
		540F8DFF2079E46600D62238 /* Debug */ = {
			isa = XCBuildConfiguration;
			buildSettings = {
				ALWAYS_SEARCH_USER_PATHS = NO;
				CLANG_ANALYZER_NONNULL = YES;
				CLANG_ANALYZER_NUMBER_OBJECT_CONVERSION = YES_AGGRESSIVE;
				CLANG_CXX_LANGUAGE_STANDARD = "gnu++14";
				CLANG_CXX_LIBRARY = "libc++";
				CLANG_ENABLE_MODULES = YES;
				CLANG_ENABLE_OBJC_ARC = YES;
				CLANG_WARN_BLOCK_CAPTURE_AUTORELEASING = YES;
				CLANG_WARN_BOOL_CONVERSION = YES;
				CLANG_WARN_COMMA = YES;
				CLANG_WARN_CONSTANT_CONVERSION = YES;
				CLANG_WARN_DIRECT_OBJC_ISA_USAGE = YES_ERROR;
				CLANG_WARN_DOCUMENTATION_COMMENTS = YES;
				CLANG_WARN_EMPTY_BODY = YES;
				CLANG_WARN_ENUM_CONVERSION = YES;
				CLANG_WARN_INFINITE_RECURSION = YES;
				CLANG_WARN_INT_CONVERSION = YES;
				CLANG_WARN_NON_LITERAL_NULL_CONVERSION = YES;
				CLANG_WARN_OBJC_LITERAL_CONVERSION = YES;
				CLANG_WARN_OBJC_ROOT_CLASS = YES_ERROR;
				CLANG_WARN_RANGE_LOOP_ANALYSIS = YES;
				CLANG_WARN_STRICT_PROTOTYPES = YES;
				CLANG_WARN_SUSPICIOUS_MOVE = YES;
				CLANG_WARN_UNGUARDED_AVAILABILITY = YES_AGGRESSIVE;
				CLANG_WARN_UNREACHABLE_CODE = YES;
				CLANG_WARN__DUPLICATE_METHOD_MATCH = YES;
				CODE_SIGN_IDENTITY = "iPhone Developer";
				COPY_PHASE_STRIP = NO;
				DEBUG_INFORMATION_FORMAT = dwarf;
				ENABLE_STRICT_OBJC_MSGSEND = YES;
				ENABLE_TESTABILITY = YES;
				GCC_C_LANGUAGE_STANDARD = gnu11;
				GCC_DYNAMIC_NO_PIC = NO;
				GCC_NO_COMMON_BLOCKS = YES;
				GCC_OPTIMIZATION_LEVEL = 0;
				GCC_PREPROCESSOR_DEFINITIONS = (
					"DEBUG=1",
					"$(inherited)",
				);
				GCC_WARN_64_TO_32_BIT_CONVERSION = YES;
				GCC_WARN_ABOUT_RETURN_TYPE = YES_ERROR;
				GCC_WARN_UNDECLARED_SELECTOR = YES;
				GCC_WARN_UNINITIALIZED_AUTOS = YES_AGGRESSIVE;
				GCC_WARN_UNUSED_FUNCTION = YES;
				GCC_WARN_UNUSED_VARIABLE = YES;
				IPHONEOS_DEPLOYMENT_TARGET = 11.2;
				MTL_ENABLE_DEBUG_INFO = YES;
				ONLY_ACTIVE_ARCH = YES;
				SDKROOT = iphoneos;
				SWIFT_ACTIVE_COMPILATION_CONDITIONS = DEBUG;
				SWIFT_OPTIMIZATION_LEVEL = "-Onone";
			};
			name = Debug;
		};
		540F8E002079E46600D62238 /* Release */ = {
			isa = XCBuildConfiguration;
			buildSettings = {
				ALWAYS_SEARCH_USER_PATHS = NO;
				CLANG_ANALYZER_NONNULL = YES;
				CLANG_ANALYZER_NUMBER_OBJECT_CONVERSION = YES_AGGRESSIVE;
				CLANG_CXX_LANGUAGE_STANDARD = "gnu++14";
				CLANG_CXX_LIBRARY = "libc++";
				CLANG_ENABLE_MODULES = YES;
				CLANG_ENABLE_OBJC_ARC = YES;
				CLANG_WARN_BLOCK_CAPTURE_AUTORELEASING = YES;
				CLANG_WARN_BOOL_CONVERSION = YES;
				CLANG_WARN_COMMA = YES;
				CLANG_WARN_CONSTANT_CONVERSION = YES;
				CLANG_WARN_DIRECT_OBJC_ISA_USAGE = YES_ERROR;
				CLANG_WARN_DOCUMENTATION_COMMENTS = YES;
				CLANG_WARN_EMPTY_BODY = YES;
				CLANG_WARN_ENUM_CONVERSION = YES;
				CLANG_WARN_INFINITE_RECURSION = YES;
				CLANG_WARN_INT_CONVERSION = YES;
				CLANG_WARN_NON_LITERAL_NULL_CONVERSION = YES;
				CLANG_WARN_OBJC_LITERAL_CONVERSION = YES;
				CLANG_WARN_OBJC_ROOT_CLASS = YES_ERROR;
				CLANG_WARN_RANGE_LOOP_ANALYSIS = YES;
				CLANG_WARN_STRICT_PROTOTYPES = YES;
				CLANG_WARN_SUSPICIOUS_MOVE = YES;
				CLANG_WARN_UNGUARDED_AVAILABILITY = YES_AGGRESSIVE;
				CLANG_WARN_UNREACHABLE_CODE = YES;
				CLANG_WARN__DUPLICATE_METHOD_MATCH = YES;
				CODE_SIGN_IDENTITY = "iPhone Developer";
				COPY_PHASE_STRIP = NO;
				DEBUG_INFORMATION_FORMAT = "dwarf-with-dsym";
				ENABLE_NS_ASSERTIONS = NO;
				ENABLE_STRICT_OBJC_MSGSEND = YES;
				GCC_C_LANGUAGE_STANDARD = gnu11;
				GCC_NO_COMMON_BLOCKS = YES;
				GCC_WARN_64_TO_32_BIT_CONVERSION = YES;
				GCC_WARN_ABOUT_RETURN_TYPE = YES_ERROR;
				GCC_WARN_UNDECLARED_SELECTOR = YES;
				GCC_WARN_UNINITIALIZED_AUTOS = YES_AGGRESSIVE;
				GCC_WARN_UNUSED_FUNCTION = YES;
				GCC_WARN_UNUSED_VARIABLE = YES;
				IPHONEOS_DEPLOYMENT_TARGET = 11.2;
				MTL_ENABLE_DEBUG_INFO = NO;
				SDKROOT = iphoneos;
				SWIFT_OPTIMIZATION_LEVEL = "-Owholemodule";
				VALIDATE_PRODUCT = YES;
			};
			name = Release;
		};
		540F8E022079E46600D62238 /* Debug */ = {
			isa = XCBuildConfiguration;
			buildSettings = {
				ASSETCATALOG_COMPILER_APPICON_NAME = AppIcon;
				CODE_SIGN_STYLE = Automatic;
				DEVELOPMENT_TEAM = "";
				INFOPLIST_FILE = FoodTracker/Info.plist;
				LD_RUNPATH_SEARCH_PATHS = "$(inherited) @executable_path/Frameworks";
				PRODUCT_BUNDLE_IDENTIFIER = bhogvu.FoodTracker;
				PRODUCT_NAME = "$(TARGET_NAME)";
				SWIFT_VERSION = 4.0;
				TARGETED_DEVICE_FAMILY = "1,2";
			};
			name = Debug;
		};
		540F8E032079E46600D62238 /* Release */ = {
			isa = XCBuildConfiguration;
			buildSettings = {
				ASSETCATALOG_COMPILER_APPICON_NAME = AppIcon;
				CODE_SIGN_STYLE = Automatic;
				DEVELOPMENT_TEAM = "";
				INFOPLIST_FILE = FoodTracker/Info.plist;
				LD_RUNPATH_SEARCH_PATHS = "$(inherited) @executable_path/Frameworks";
				PRODUCT_BUNDLE_IDENTIFIER = bhogvu.FoodTracker;
				PRODUCT_NAME = "$(TARGET_NAME)";
				SWIFT_VERSION = 4.0;
				TARGETED_DEVICE_FAMILY = "1,2";
			};
			name = Release;
		};
/* End XCBuildConfiguration section */

/* Begin XCConfigurationList section */
		540F8DEA2079E46600D62238 /* Build configuration list for PBXProject "FoodTracker" */ = {
			isa = XCConfigurationList;
			buildConfigurations = (
				540F8DFF2079E46600D62238 /* Debug */,
				540F8E002079E46600D62238 /* Release */,
			);
			defaultConfigurationIsVisible = 0;
			defaultConfigurationName = Release;
		};
		540F8E012079E46600D62238 /* Build configuration list for PBXNativeTarget "FoodTracker" */ = {
			isa = XCConfigurationList;
			buildConfigurations = (
				540F8E022079E46600D62238 /* Debug */,
				540F8E032079E46600D62238 /* Release */,
			);
			defaultConfigurationIsVisible = 0;
			defaultConfigurationName = Release;
		};
/* End XCConfigurationList section */
	};
	rootObject = 540F8DE72079E46600D62238 /* Project object */;
}
